
Microsoft Visual Studio Solution File, Format Version 12.00
# Visual Studio Version 17
VisualStudioVersion = 17.11.35219.272
MinimumVisualStudioVersion = 10.0.40219.1
Project("{2150E333-8FDC-42A3-9474-1A3956D46DE8}") = "Api", "Api", "{7688F2AB-FF57-4033-8EF0-31206E08AEA4}"
EndProject
Project("{2150E333-8FDC-42A3-9474-1A3956D46DE8}") = "Applications", "Applications", "{B9FCC3BC-F8FC-4E4C-A4F4-F902DFDABEE9}"
EndProject
Project("{2150E333-8FDC-42A3-9474-1A3956D46DE8}") = "Framework", "Framework", "{9176E012-2E20-4978-AD0F-46EF4A6CC04F}"
EndProject
Project("{2150E333-8FDC-42A3-9474-1A3956D46DE8}") = "Identity", "Identity", "{3D9E6138-4659-4432-AB2F-BF542B470566}"
EndProject
Project("{2150E333-8FDC-42A3-9474-1A3956D46DE8}") = "Accounting", "Accounting", "{5EA1B8FC-1A15-4308-BFA6-5EE2DD8BE993}"
EndProject
Project("{2150E333-8FDC-42A3-9474-1A3956D46DE8}") = "Administration", "Administration", "{AC1F7926-2B44-4061-89D3-6CC8839C7BE8}"
EndProject
Project("{9A19103F-16F7-4668-BE54-9A1E7A4F7556}") = "Greenovative.Accounting.Infrastructure", "src\Greenovative.Accounting.Infrastructure\Greenovative.Accounting.Infrastructure.csproj", "{A565023D-57EF-4601-9C83-340AE11F05E7}"
EndProject
Project("{9A19103F-16F7-4668-BE54-9A1E7A4F7556}") = "Greenovative.Accounting.App", "src\Greenovative.Accounting.App\Greenovative.Accounting.App.csproj", "{45DB90FA-4D4D-4F0E-9EC6-7F6021A72D43}"
EndProject
Project("{9A19103F-16F7-4668-BE54-9A1E7A4F7556}") = "Greenovative.Identity.Infrastructure", "src\Greenovative.Identity.Infrastructure\Greenovative.Identity.Infrastructure.csproj", "{16F2B872-DBB6-4AD3-B057-95EDEB1CB605}"
EndProject
Project("{9A19103F-16F7-4668-BE54-9A1E7A4F7556}") = "Greenovative.Identity.App", "src\Greenovative.Identity.App\Greenovative.Identity.App.csproj", "{CF26A7DE-CC0D-4C35-9985-5682681EA487}"
EndProject
Project("{9A19103F-16F7-4668-BE54-9A1E7A4F7556}") = "Greenovative.Accounting.Domain", "src\Greenovative.Accounting.Domain\Greenovative.Accounting.Domain.csproj", "{83D55424-AC6D-4FB2-8F85-8E6D02FAF1ED}"
EndProject
Project("{9A19103F-16F7-4668-BE54-9A1E7A4F7556}") = "Greenovative.Accounting.Framework", "src\Greenovative.Accounting.Framework\Greenovative.Accounting.Framework.csproj", "{2151ECCC-97AA-42C1-B8B5-5D0088A0BF86}"
EndProject
Project("{9A19103F-16F7-4668-BE54-9A1E7A4F7556}") = "Greenovative.Administration.App", "src\Greenovative.Administration.App\Greenovative.Administration.App.csproj", "{F575A1DF-2400-4363-86B1-B11D3D9B41B7}"
EndProject
Project("{9A19103F-16F7-4668-BE54-9A1E7A4F7556}") = "Greenovative.Administration.Infrastructure", "src\Greenovative.Administration.Infrastructure\Greenovative.Administration.Infrastructure.csproj", "{6273F6AB-EEB2-4903-8BCE-F78051C31449}"
EndProject
Project("{2150E333-8FDC-42A3-9474-1A3956D46DE8}") = "Database", "Database", "{D5F98249-79AC-4367-9015-3C138B83410E}"
EndProject
Project("{00D1A9C2-B5F0-4AF3-8072-F6C62B433612}") = "Greenovative.Accounting.database", "src\Greenovative.Accounting.database\Greenovative.Accounting.database.sqlproj", "{BE6DC648-C7E9-4E82-9FD3-44C51A9CA448}"
EndProject
Project("{2150E333-8FDC-42A3-9474-1A3956D46DE8}") = "Clients", "Clients", "{0DCBD094-A87E-4CA1-9511-1560020A9AA4}"
EndProject
Project("{9A19103F-16F7-4668-BE54-9A1E7A4F7556}") = "Greenovative.Clients.App", "src\Greenovative.Clients.App\Greenovative.Clients.App.csproj", "{B66B74D9-DDDA-43DA-AD83-F8BE7BF8989E}"
EndProject
Project("{9A19103F-16F7-4668-BE54-9A1E7A4F7556}") = "Greenovative.Clients.Infrastructure", "src\Greenovative.Clients.Infrastructure\Greenovative.Clients.Infrastructure.csproj", "{D6C8D56B-435D-43A0-A979-65F10BA36718}"
EndProject
Project("{9A19103F-16F7-4668-BE54-9A1E7A4F7556}") = "Greenovative.Accounting.Api", "src\Greenovative.Accounting.Api\Greenovative.Accounting.Api.csproj", "{DC4562B5-68AB-4F9B-A65B-7A7C5D0BA10F}"
EndProject
Project("{9A19103F-16F7-4668-BE54-9A1E7A4F7556}") = "IdentityManager", "src\Greenovative.Database.Migration\IdentityManager\IdentityManager.csproj", "{25A1D257-B4C9-4F63-83FE-A500F2E49B8B}"
EndProject
Global
	GlobalSection(SolutionConfigurationPlatforms) = preSolution
		Debug|Any CPU = Debug|Any CPU
		Release|Any CPU = Release|Any CPU
	EndGlobalSection
	GlobalSection(ProjectConfigurationPlatforms) = postSolution
		{A565023D-57EF-4601-9C83-340AE11F05E7}.Debug|Any CPU.ActiveCfg = Debug|Any CPU
		{A565023D-57EF-4601-9C83-340AE11F05E7}.Debug|Any CPU.Build.0 = Debug|Any CPU
		{A565023D-57EF-4601-9C83-340AE11F05E7}.Release|Any CPU.ActiveCfg = Release|Any CPU
		{A565023D-57EF-4601-9C83-340AE11F05E7}.Release|Any CPU.Build.0 = Release|Any CPU
		{45DB90FA-4D4D-4F0E-9EC6-7F6021A72D43}.Debug|Any CPU.ActiveCfg = Debug|Any CPU
		{45DB90FA-4D4D-4F0E-9EC6-7F6021A72D43}.Debug|Any CPU.Build.0 = Debug|Any CPU
		{45DB90FA-4D4D-4F0E-9EC6-7F6021A72D43}.Release|Any CPU.ActiveCfg = Release|Any CPU
		{45DB90FA-4D4D-4F0E-9EC6-7F6021A72D43}.Release|Any CPU.Build.0 = Release|Any CPU
		{16F2B872-DBB6-4AD3-B057-95EDEB1CB605}.Debug|Any CPU.ActiveCfg = Debug|Any CPU
		{16F2B872-DBB6-4AD3-B057-95EDEB1CB605}.Debug|Any CPU.Build.0 = Debug|Any CPU
		{16F2B872-DBB6-4AD3-B057-95EDEB1CB605}.Release|Any CPU.ActiveCfg = Release|Any CPU
		{16F2B872-DBB6-4AD3-B057-95EDEB1CB605}.Release|Any CPU.Build.0 = Release|Any CPU
		{CF26A7DE-CC0D-4C35-9985-5682681EA487}.Debug|Any CPU.ActiveCfg = Debug|Any CPU
		{CF26A7DE-CC0D-4C35-9985-5682681EA487}.Debug|Any CPU.Build.0 = Debug|Any CPU
		{CF26A7DE-CC0D-4C35-9985-5682681EA487}.Release|Any CPU.ActiveCfg = Release|Any CPU
		{CF26A7DE-CC0D-4C35-9985-5682681EA487}.Release|Any CPU.Build.0 = Release|Any CPU
		{83D55424-AC6D-4FB2-8F85-8E6D02FAF1ED}.Debug|Any CPU.ActiveCfg = Debug|Any CPU
		{83D55424-AC6D-4FB2-8F85-8E6D02FAF1ED}.Debug|Any CPU.Build.0 = Debug|Any CPU
		{83D55424-AC6D-4FB2-8F85-8E6D02FAF1ED}.Release|Any CPU.ActiveCfg = Release|Any CPU
		{83D55424-AC6D-4FB2-8F85-8E6D02FAF1ED}.Release|Any CPU.Build.0 = Release|Any CPU
		{2151ECCC-97AA-42C1-B8B5-5D0088A0BF86}.Debug|Any CPU.ActiveCfg = Debug|Any CPU
		{2151ECCC-97AA-42C1-B8B5-5D0088A0BF86}.Debug|Any CPU.Build.0 = Debug|Any CPU
		{2151ECCC-97AA-42C1-B8B5-5D0088A0BF86}.Release|Any CPU.ActiveCfg = Release|Any CPU
		{2151ECCC-97AA-42C1-B8B5-5D0088A0BF86}.Release|Any CPU.Build.0 = Release|Any CPU
		{F575A1DF-2400-4363-86B1-B11D3D9B41B7}.Debug|Any CPU.ActiveCfg = Debug|Any CPU
		{F575A1DF-2400-4363-86B1-B11D3D9B41B7}.Debug|Any CPU.Build.0 = Debug|Any CPU
		{F575A1DF-2400-4363-86B1-B11D3D9B41B7}.Release|Any CPU.ActiveCfg = Release|Any CPU
		{F575A1DF-2400-4363-86B1-B11D3D9B41B7}.Release|Any CPU.Build.0 = Release|Any CPU
		{6273F6AB-EEB2-4903-8BCE-F78051C31449}.Debug|Any CPU.ActiveCfg = Debug|Any CPU
		{6273F6AB-EEB2-4903-8BCE-F78051C31449}.Debug|Any CPU.Build.0 = Debug|Any CPU
		{6273F6AB-EEB2-4903-8BCE-F78051C31449}.Release|Any CPU.ActiveCfg = Release|Any CPU
		{6273F6AB-EEB2-4903-8BCE-F78051C31449}.Release|Any CPU.Build.0 = Release|Any CPU
		{BE6DC648-C7E9-4E82-9FD3-44C51A9CA448}.Debug|Any CPU.ActiveCfg = Debug|Any CPU
		{BE6DC648-C7E9-4E82-9FD3-44C51A9CA448}.Debug|Any CPU.Build.0 = Debug|Any CPU
		{BE6DC648-C7E9-4E82-9FD3-44C51A9CA448}.Debug|Any CPU.Deploy.0 = Debug|Any CPU
		{BE6DC648-C7E9-4E82-9FD3-44C51A9CA448}.Release|Any CPU.ActiveCfg = Release|Any CPU
		{BE6DC648-C7E9-4E82-9FD3-44C51A9CA448}.Release|Any CPU.Build.0 = Release|Any CPU
		{BE6DC648-C7E9-4E82-9FD3-44C51A9CA448}.Release|Any CPU.Deploy.0 = Release|Any CPU
		{B66B74D9-DDDA-43DA-AD83-F8BE7BF8989E}.Debug|Any CPU.ActiveCfg = Debug|Any CPU
		{B66B74D9-DDDA-43DA-AD83-F8BE7BF8989E}.Debug|Any CPU.Build.0 = Debug|Any CPU
		{B66B74D9-DDDA-43DA-AD83-F8BE7BF8989E}.Release|Any CPU.ActiveCfg = Release|Any CPU
		{B66B74D9-DDDA-43DA-AD83-F8BE7BF8989E}.Release|Any CPU.Build.0 = Release|Any CPU
		{D6C8D56B-435D-43A0-A979-65F10BA36718}.Debug|Any CPU.ActiveCfg = Debug|Any CPU
		{D6C8D56B-435D-43A0-A979-65F10BA36718}.Debug|Any CPU.Build.0 = Debug|Any CPU
		{D6C8D56B-435D-43A0-A979-65F10BA36718}.Release|Any CPU.ActiveCfg = Release|Any CPU
		{D6C8D56B-435D-43A0-A979-65F10BA36718}.Release|Any CPU.Build.0 = Release|Any CPU
		{DC4562B5-68AB-4F9B-A65B-7A7C5D0BA10F}.Debug|Any CPU.ActiveCfg = Debug|Any CPU
		{DC4562B5-68AB-4F9B-A65B-7A7C5D0BA10F}.Debug|Any CPU.Build.0 = Debug|Any CPU
		{DC4562B5-68AB-4F9B-A65B-7A7C5D0BA10F}.Release|Any CPU.ActiveCfg = Release|Any CPU
		{DC4562B5-68AB-4F9B-A65B-7A7C5D0BA10F}.Release|Any CPU.Build.0 = Release|Any CPU
		{25A1D257-B4C9-4F63-83FE-A500F2E49B8B}.Debug|Any CPU.ActiveCfg = Debug|Any CPU
		{25A1D257-B4C9-4F63-83FE-A500F2E49B8B}.Debug|Any CPU.Build.0 = Debug|Any CPU
		{25A1D257-B4C9-4F63-83FE-A500F2E49B8B}.Release|Any CPU.ActiveCfg = Release|Any CPU
		{25A1D257-B4C9-4F63-83FE-A500F2E49B8B}.Release|Any CPU.Build.0 = Release|Any CPU
	EndGlobalSection
	GlobalSection(SolutionProperties) = preSolution
		HideSolutionNode = FALSE
	EndGlobalSection
	GlobalSection(NestedProjects) = preSolution
		{3D9E6138-4659-4432-AB2F-BF542B470566} = {B9FCC3BC-F8FC-4E4C-A4F4-F902DFDABEE9}
		{5EA1B8FC-1A15-4308-BFA6-5EE2DD8BE993} = {B9FCC3BC-F8FC-4E4C-A4F4-F902DFDABEE9}
		{AC1F7926-2B44-4061-89D3-6CC8839C7BE8} = {B9FCC3BC-F8FC-4E4C-A4F4-F902DFDABEE9}
		{A565023D-57EF-4601-9C83-340AE11F05E7} = {5EA1B8FC-1A15-4308-BFA6-5EE2DD8BE993}
		{45DB90FA-4D4D-4F0E-9EC6-7F6021A72D43} = {5EA1B8FC-1A15-4308-BFA6-5EE2DD8BE993}
		{16F2B872-DBB6-4AD3-B057-95EDEB1CB605} = {3D9E6138-4659-4432-AB2F-BF542B470566}
		{CF26A7DE-CC0D-4C35-9985-5682681EA487} = {3D9E6138-4659-4432-AB2F-BF542B470566}
		{83D55424-AC6D-4FB2-8F85-8E6D02FAF1ED} = {9176E012-2E20-4978-AD0F-46EF4A6CC04F}
		{2151ECCC-97AA-42C1-B8B5-5D0088A0BF86} = {9176E012-2E20-4978-AD0F-46EF4A6CC04F}
		{F575A1DF-2400-4363-86B1-B11D3D9B41B7} = {AC1F7926-2B44-4061-89D3-6CC8839C7BE8}
		{6273F6AB-EEB2-4903-8BCE-F78051C31449} = {AC1F7926-2B44-4061-89D3-6CC8839C7BE8}
		{BE6DC648-C7E9-4E82-9FD3-44C51A9CA448} = {D5F98249-79AC-4367-9015-3C138B83410E}
		{0DCBD094-A87E-4CA1-9511-1560020A9AA4} = {B9FCC3BC-F8FC-4E4C-A4F4-F902DFDABEE9}
		{B66B74D9-DDDA-43DA-AD83-F8BE7BF8989E} = {0DCBD094-A87E-4CA1-9511-1560020A9AA4}
		{D6C8D56B-435D-43A0-A979-65F10BA36718} = {0DCBD094-A87E-4CA1-9511-1560020A9AA4}
		{DC4562B5-68AB-4F9B-A65B-7A7C5D0BA10F} = {7688F2AB-FF57-4033-8EF0-31206E08AEA4}
		{25A1D257-B4C9-4F63-83FE-A500F2E49B8B} = {D5F98249-79AC-4367-9015-3C138B83410E}
	EndGlobalSection
	GlobalSection(ExtensibilityGlobals) = postSolution
		SolutionGuid = {61392DAE-D0DF-4751-859F-797D6D9D6F37}
	EndGlobalSection
EndGlobal
